
Microsoft Visual Studio Solution File, Format Version 12.00
# Visual Studio Version 17
VisualStudioVersion = 17.8.34316.72
MinimumVisualStudioVersion = 10.0.40219.1
Project("{FAE04EC0-301F-11D3-BF4B-00C04F79EFBC}") = "SAMS-Deven", "SAMS-Deven.csproj", "{9404639B-3A35-48E0-AEC3-3A5DCD858909}"
EndProject
Global
	GlobalSection(SolutionConfigurationPlatforms) = preSolution
		Debug|Any CPU = Debug|Any CPU
		Release|Any CPU = Release|Any CPU
	EndGlobalSection
	GlobalSection(ProjectConfigurationPlatforms) = postSolution
		{9404639B-3A35-48E0-AEC3-3A5DCD858909}.Debug|Any CPU.ActiveCfg = Debug|Any CPU
		{9404639B-3A35-48E0-AEC3-3A5DCD858909}.Debug|Any CPU.Build.0 = Debug|Any CPU
		{9404639B-3A35-48E0-AEC3-3A5DCD858909}.Release|Any CPU.ActiveCfg = Release|Any CPU
		{9404639B-3A35-48E0-AEC3-3A5DCD858909}.Release|Any CPU.Build.0 = Release|Any CPU
	EndGlobalSection
	GlobalSection(SolutionProperties) = preSolution
		HideSolutionNode = FALSE
	EndGlobalSection
	GlobalSection(ExtensibilityGlobals) = postSolution
		SolutionGuid = {84E41931-C5C2-49ED-A753-DEA2722EEB80}
	EndGlobalSection
EndGlobal
